
Microsoft Visual Studio Solution File, Format Version 12.00
# Visual Studio Version 17
VisualStudioVersion = 17.10.35013.160
MinimumVisualStudioVersion = 10.0.40219.1
Project("{9A19103F-16F7-4668-BE54-9A1E7A4F7556}") = "WebApplication1", "WebApplication1\WebApplication1.csproj", "{F1930BEA-0D65-40EC-826E-2F72E60D4F37}"
EndProject
Project("{9A19103F-16F7-4668-BE54-9A1E7A4F7556}") = "WebTesting", "WebTesting\WebTesting.csproj", "{C74A8798-EDE6-4DC4-B2A4-BF6775CAC6FF}"
EndProject
Project("{9A19103F-16F7-4668-BE54-9A1E7A4F7556}") = "Domain", "Domain\Domain.csproj", "{3A8573DE-DE22-4AD3-8562-3EF6AF53F2C3}"
EndProject
Project("{9A19103F-16F7-4668-BE54-9A1E7A4F7556}") = "Application", "Application\Application.csproj", "{9BE3F8C9-7DA9-4829-874B-7D7C4B1ACC7F}"
EndProject
Project("{9A19103F-16F7-4668-BE54-9A1E7A4F7556}") = "Infrastructure", "Infrastructure\Infrastructure.csproj", "{04E21E0F-1EA3-427D-A479-75FC3BD6D8D3}"
EndProject
Project("{FAE04EC0-301F-11D3-BF4B-00C04F79EFBC}") = "webApi", "webApi\webApi.csproj", "{62E82026-5F1E-41BE-AC04-239835C4FAF1}"
EndProject
Global
	GlobalSection(SolutionConfigurationPlatforms) = preSolution
		Debug|Any CPU = Debug|Any CPU
		Release|Any CPU = Release|Any CPU
	EndGlobalSection
	GlobalSection(ProjectConfigurationPlatforms) = postSolution
		{F1930BEA-0D65-40EC-826E-2F72E60D4F37}.Debug|Any CPU.ActiveCfg = Debug|Any CPU
		{F1930BEA-0D65-40EC-826E-2F72E60D4F37}.Debug|Any CPU.Build.0 = Debug|Any CPU
		{F1930BEA-0D65-40EC-826E-2F72E60D4F37}.Release|Any CPU.ActiveCfg = Release|Any CPU
		{F1930BEA-0D65-40EC-826E-2F72E60D4F37}.Release|Any CPU.Build.0 = Release|Any CPU
		{C74A8798-EDE6-4DC4-B2A4-BF6775CAC6FF}.Debug|Any CPU.ActiveCfg = Debug|Any CPU
		{C74A8798-EDE6-4DC4-B2A4-BF6775CAC6FF}.Debug|Any CPU.Build.0 = Debug|Any CPU
		{C74A8798-EDE6-4DC4-B2A4-BF6775CAC6FF}.Release|Any CPU.ActiveCfg = Release|Any CPU
		{C74A8798-EDE6-4DC4-B2A4-BF6775CAC6FF}.Release|Any CPU.Build.0 = Release|Any CPU
		{3A8573DE-DE22-4AD3-8562-3EF6AF53F2C3}.Debug|Any CPU.ActiveCfg = Debug|Any CPU
		{3A8573DE-DE22-4AD3-8562-3EF6AF53F2C3}.Debug|Any CPU.Build.0 = Debug|Any CPU
		{3A8573DE-DE22-4AD3-8562-3EF6AF53F2C3}.Release|Any CPU.ActiveCfg = Release|Any CPU
		{3A8573DE-DE22-4AD3-8562-3EF6AF53F2C3}.Release|Any CPU.Build.0 = Release|Any CPU
		{9BE3F8C9-7DA9-4829-874B-7D7C4B1ACC7F}.Debug|Any CPU.ActiveCfg = Debug|Any CPU
		{9BE3F8C9-7DA9-4829-874B-7D7C4B1ACC7F}.Debug|Any CPU.Build.0 = Debug|Any CPU
		{9BE3F8C9-7DA9-4829-874B-7D7C4B1ACC7F}.Release|Any CPU.ActiveCfg = Release|Any CPU
		{9BE3F8C9-7DA9-4829-874B-7D7C4B1ACC7F}.Release|Any CPU.Build.0 = Release|Any CPU
		{04E21E0F-1EA3-427D-A479-75FC3BD6D8D3}.Debug|Any CPU.ActiveCfg = Debug|Any CPU
		{04E21E0F-1EA3-427D-A479-75FC3BD6D8D3}.Debug|Any CPU.Build.0 = Debug|Any CPU
		{04E21E0F-1EA3-427D-A479-75FC3BD6D8D3}.Release|Any CPU.ActiveCfg = Release|Any CPU
		{04E21E0F-1EA3-427D-A479-75FC3BD6D8D3}.Release|Any CPU.Build.0 = Release|Any CPU
		{62E82026-5F1E-41BE-AC04-239835C4FAF1}.Debug|Any CPU.ActiveCfg = Debug|Any CPU
		{62E82026-5F1E-41BE-AC04-239835C4FAF1}.Debug|Any CPU.Build.0 = Debug|Any CPU
		{62E82026-5F1E-41BE-AC04-239835C4FAF1}.Release|Any CPU.ActiveCfg = Release|Any CPU
		{62E82026-5F1E-41BE-AC04-239835C4FAF1}.Release|Any CPU.Build.0 = Release|Any CPU
	EndGlobalSection
	GlobalSection(SolutionProperties) = preSolution
		HideSolutionNode = FALSE
	EndGlobalSection
	GlobalSection(ExtensibilityGlobals) = postSolution
		SolutionGuid = {3BBCF589-DBC3-4048-972A-B71326A220AF}
	EndGlobalSection
EndGlobal
